
Microsoft Visual Studio Solution File, Format Version 12.00
# Visual Studio Version 16
VisualStudioVersion = 16.0.30914.41
MinimumVisualStudioVersion = 10.0.40219.1
Project("{FAE04EC0-301F-11D3-BF4B-00C04F79EFBC}") = "Weather", "Weather\Weather.csproj", "{5A67C881-030E-4893-9354-8B1811C07003}"
EndProject
Global
	GlobalSection(SolutionConfigurationPlatforms) = preSolution
		Debug|Any CPU = Debug|Any CPU
		Release|Any CPU = Release|Any CPU
	EndGlobalSection
	GlobalSection(ProjectConfigurationPlatforms) = postSolution
		{5A67C881-030E-4893-9354-8B1811C07003}.Debug|Any CPU.ActiveCfg = Debug|Any CPU
		{5A67C881-030E-4893-9354-8B1811C07003}.Debug|Any CPU.Build.0 = Debug|Any CPU
		{5A67C881-030E-4893-9354-8B1811C07003}.Release|Any CPU.ActiveCfg = Release|Any CPU
		{5A67C881-030E-4893-9354-8B1811C07003}.Release|Any CPU.Build.0 = Release|Any CPU
	EndGlobalSection
	GlobalSection(SolutionProperties) = preSolution
		HideSolutionNode = FALSE
	EndGlobalSection
	GlobalSection(ExtensibilityGlobals) = postSolution
		SolutionGuid = {7E392A13-3FA8-491E-952F-D0C8F237A1B5}
	EndGlobalSection
EndGlobal
